
Microsoft Visual Studio Solution File, Format Version 12.00
# Visual Studio 14
VisualStudioVersion = 14.0.25420.1
MinimumVisualStudioVersion = 10.0.40219.1
Project("{2150E333-8FDC-42A3-9474-1A3956D46DE8}") = "src", "src", "{A95DB67C-29E0-43EA-8B80-8C581C2CD30C}"
EndProject
Project("{2150E333-8FDC-42A3-9474-1A3956D46DE8}") = "Solution Items", "Solution Items", "{22183AB4-53AB-409D-B8E2-46983978E92D}"
	ProjectSection(SolutionItems) = preProject
		global.json = global.json
	EndProjectSection
EndProject
Project("{8BB2217D-0F2D-49D1-97BC-3654ED321F3B}") = "TeamMetrics", "src\JiraMetrics\TeamMetrics.xproj", "{C9AFF425-E7F7-406A-BD74-4A45BE0FED85}"
EndProject
Global
	GlobalSection(SolutionConfigurationPlatforms) = preSolution
		Debug|Any CPU = Debug|Any CPU
		Release|Any CPU = Release|Any CPU
	EndGlobalSection
	GlobalSection(ProjectConfigurationPlatforms) = postSolution
		{C9AFF425-E7F7-406A-BD74-4A45BE0FED85}.Debug|Any CPU.ActiveCfg = Debug|Any CPU
		{C9AFF425-E7F7-406A-BD74-4A45BE0FED85}.Debug|Any CPU.Build.0 = Debug|Any CPU
		{C9AFF425-E7F7-406A-BD74-4A45BE0FED85}.Release|Any CPU.ActiveCfg = Release|Any CPU
		{C9AFF425-E7F7-406A-BD74-4A45BE0FED85}.Release|Any CPU.Build.0 = Release|Any CPU
	EndGlobalSection
	GlobalSection(SolutionProperties) = preSolution
		HideSolutionNode = FALSE
	EndGlobalSection
	GlobalSection(NestedProjects) = preSolution
		{C9AFF425-E7F7-406A-BD74-4A45BE0FED85} = {A95DB67C-29E0-43EA-8B80-8C581C2CD30C}
	EndGlobalSection
EndGlobal
